{
  "name": "m1",
  "lockfileVersion": 3,
  "requires": true,
  "packages": {
    "": {
      "dependencies": {
        "rabbitmq-client": "^4.1.0"
      }
    },
    "node_modules/rabbitmq-client": {
      "version": "4.1.0",
      "resolved": "https://registry.npmjs.org/rabbitmq-client/-/rabbitmq-client-4.1.0.tgz",
      "integrity": "sha512-NELUeyv0q7HFstjzOKd4SEQkF9HA7qX3Q1OQCIInR7deIpUqh9nXoHcORJtqVMjI45zyxIp+w2R32E4dM3BRMw=="
    }
  }
}
